
Microsoft Visual Studio Solution File, Format Version 12.00
# Visual Studio Version 17
VisualStudioVersion = 17.3.32825.248
MinimumVisualStudioVersion = 10.0.40219.1
Project("{FAE04EC0-301F-11D3-BF4B-00C04F79EFBC}") = "ConsoleApp8", "ConsoleApp8\ConsoleApp8.csproj", "{DF7BCBF1-507B-4DCA-A517-C2653C7008EC}"
EndProject
Global
	GlobalSection(SolutionConfigurationPlatforms) = preSolution
		Debug|Any CPU = Debug|Any CPU
		Release|Any CPU = Release|Any CPU
	EndGlobalSection
	GlobalSection(ProjectConfigurationPlatforms) = postSolution
		{DF7BCBF1-507B-4DCA-A517-C2653C7008EC}.Debug|Any CPU.ActiveCfg = Debug|Any CPU
		{DF7BCBF1-507B-4DCA-A517-C2653C7008EC}.Debug|Any CPU.Build.0 = Debug|Any CPU
		{DF7BCBF1-507B-4DCA-A517-C2653C7008EC}.Release|Any CPU.ActiveCfg = Release|Any CPU
		{DF7BCBF1-507B-4DCA-A517-C2653C7008EC}.Release|Any CPU.Build.0 = Release|Any CPU
	EndGlobalSection
	GlobalSection(SolutionProperties) = preSolution
		HideSolutionNode = FALSE
	EndGlobalSection
	GlobalSection(ExtensibilityGlobals) = postSolution
		SolutionGuid = {53BE981B-6E14-4D97-926F-7E465AEE97F3}
	EndGlobalSection
EndGlobal
